
Microsoft Visual Studio Solution File, Format Version 12.00
# Visual Studio Version 16
VisualStudioVersion = 16.0.32602.291
MinimumVisualStudioVersion = 10.0.40219.1
Project("{FAE04EC0-301F-11D3-BF4B-00C04F79EFBC}") = "Controle de tarefas", "Controle de tarefas.csproj", "{674277E3-F06D-4DD0-ADFD-93904780BD87}"
EndProject
Global
	GlobalSection(SolutionConfigurationPlatforms) = preSolution
		Debug|Any CPU = Debug|Any CPU
		Release|Any CPU = Release|Any CPU
	EndGlobalSection
	GlobalSection(ProjectConfigurationPlatforms) = postSolution
		{674277E3-F06D-4DD0-ADFD-93904780BD87}.Debug|Any CPU.ActiveCfg = Debug|Any CPU
		{674277E3-F06D-4DD0-ADFD-93904780BD87}.Debug|Any CPU.Build.0 = Debug|Any CPU
		{674277E3-F06D-4DD0-ADFD-93904780BD87}.Release|Any CPU.ActiveCfg = Release|Any CPU
		{674277E3-F06D-4DD0-ADFD-93904780BD87}.Release|Any CPU.Build.0 = Release|Any CPU
	EndGlobalSection
	GlobalSection(SolutionProperties) = preSolution
		HideSolutionNode = FALSE
	EndGlobalSection
	GlobalSection(ExtensibilityGlobals) = postSolution
		SolutionGuid = {042C4E96-88AB-46C3-9354-89C48A329FC0}
	EndGlobalSection
EndGlobal
